# THIS IS AN AUTOGENERATED FILE. DO NOT EDIT THIS FILE DIRECTLY.
# yarn lockfile v1


ap@~0.1.0:
  version "0.1.0"
  resolved "https://registry.yarnpkg.com/ap/-/ap-0.1.0.tgz#d8a3f26615379398a1b53ca6cc1a666a0fbfe150"

body@~0.1.0:
  version "0.1.0"
  resolved "https://registry.yarnpkg.com/body/-/body-0.1.0.tgz#e714fe28cd8848aa34cdf2c9f242bbe2e15d1cd8"
  dependencies:
    content-types "~0.1.0"

camelize@^1.0.0:
  version "1.0.0"
  resolved "https://registry.yarnpkg.com/camelize/-/camelize-1.0.0.tgz#164a5483e630fa4321e5af07020e531831b2609b"

codecampkit@^2.4.5:
  version "2.4.5"
  resolved "https://registry.yarnpkg.com/codecampkit/-/codecampkit-2.4.5.tgz#e872dc0ccd1cbf7514acf1dc2e5c18b478dae1b3"
  dependencies:
    domify "^1.4.0"
    ecstatic "^1.4.1"
    ejs "^2.5.1"
    filed "^0.1.0"
    http-hash-router "^1.1.0"
    marked "^0.3.6"
    minimist "^1.2.0"
    morphdom "^2.2.0"
    page "^1.7.1"
    ramda "^0.22.1"
    send-data "^8.0.0"
    server-summary "^6.0.1"
    xhr "^2.2.2"

content-types@~0.1.0:
  version "0.1.0"
  resolved "https://registry.yarnpkg.com/content-types/-/content-types-0.1.0.tgz#0e790b3abfef90f6ecb77ae8585db9099caf7578"
  dependencies:
    iterators "~0.1.0"

dom-walk@^0.1.0:
  version "0.1.1"
  resolved "https://registry.yarnpkg.com/dom-walk/-/dom-walk-0.1.1.tgz#672226dc74c8f799ad35307df936aba11acd6018"

domify@^1.4.0:
  version "1.4.0"
  resolved "https://registry.yarnpkg.com/domify/-/domify-1.4.0.tgz#11483617f764f8695975b4bdc79b14f0803b629b"

ecstatic@^1.4.1:
  version "1.4.1"
  resolved "https://registry.yarnpkg.com/ecstatic/-/ecstatic-1.4.1.tgz#32cb7b6fa2e290d58668674d115e8f0c3d567d6a"
  dependencies:
    he "^0.5.0"
    mime "^1.2.11"
    minimist "^1.1.0"
    url-join "^1.0.0"

ejs@^2.5.1:
  version "2.5.5"
  resolved "https://registry.yarnpkg.com/ejs/-/ejs-2.5.5.tgz#6ef4e954ea7dcf54f66aad2fe7aa421932d9ed77"

error@^5.0.0:
  version "5.2.0"
  resolved "https://registry.yarnpkg.com/error/-/error-5.2.0.tgz#3fb59d16790058466481fae16012e69e432fba42"
  dependencies:
    camelize "^1.0.0"
    is-error "^2.0.0"
    string-template "~0.2.0"
    xtend "~4.0.0"

filed@^0.1.0:
  version "0.1.0"
  resolved "https://registry.yarnpkg.com/filed/-/filed-0.1.0.tgz#b0f626472a2366dc1194537a4eea7e7a89f3c735"
  dependencies:
    mime ">= 1.2.6"

for-each@^0.3.2:
  version "0.3.2"
  resolved "https://registry.yarnpkg.com/for-each/-/for-each-0.3.2.tgz#2c40450b9348e97f281322593ba96704b9abd4d4"
  dependencies:
    is-function "~1.0.0"

global@~4.3.0:
  version "4.3.1"
  resolved "https://registry.yarnpkg.com/global/-/global-4.3.1.tgz#5f757908c7cbabce54f386ae440e11e26b7916df"
  dependencies:
    min-document "^2.19.0"
    process "~0.5.1"

he@^0.5.0:
  version "0.5.0"
  resolved "https://registry.yarnpkg.com/he/-/he-0.5.0.tgz#2c05ffaef90b68e860f3fd2b54ef580989277ee2"

http-hash-router@^1.1.0:
  version "1.1.0"
  resolved "https://registry.yarnpkg.com/http-hash-router/-/http-hash-router-1.1.0.tgz#a3032c76844545f7e5a983c1a1ed171558cd9af8"
  dependencies:
    error "^5.0.0"
    http-hash "^1.0.2"
    http-methods "^1.0.0"
    xtend "^4.0.0"

http-hash@^1.0.2:
  version "1.1.1"
  resolved "https://registry.yarnpkg.com/http-hash/-/http-hash-1.1.1.tgz#df20679d1df359052a3c8572bf335230762d428d"

http-methods@^1.0.0:
  version "1.0.0"
  resolved "https://registry.yarnpkg.com/http-methods/-/http-methods-1.0.0.tgz#eca20e14a991e679ef5025770cdb6ce6ee55bbbd"
  dependencies:
    body "~0.1.0"
    content-types "~0.1.0"

is-error@^2.0.0:
  version "2.2.1"
  resolved "https://registry.yarnpkg.com/is-error/-/is-error-2.2.1.tgz#684a96d84076577c98f4cdb40c6d26a5123bf19c"

is-function@^1.0.1, is-function@~1.0.0:
  version "1.0.1"
  resolved "https://registry.yarnpkg.com/is-function/-/is-function-1.0.1.tgz#12cfb98b65b57dd3d193a3121f5f6e2f437602b5"

isarray@0.0.1:
  version "0.0.1"
  resolved "https://registry.yarnpkg.com/isarray/-/isarray-0.0.1.tgz#8a18acfca9a8f4177e09abfc6038939b05d1eedf"

iterators@~0.1.0:
  version "0.1.0"
  resolved "https://registry.yarnpkg.com/iterators/-/iterators-0.1.0.tgz#d03f666ca4e6130138565997cacea54164203156"
  dependencies:
    ap "~0.1.0"

json-stringify-safe@^5.0.0:
  version "5.0.1"
  resolved "https://registry.yarnpkg.com/json-stringify-safe/-/json-stringify-safe-5.0.1.tgz#1296a2d58fd45f19a0f6ce01d65701e2c735b6eb"

marked@^0.3.6:
  version "0.3.6"
  resolved "https://registry.yarnpkg.com/marked/-/marked-0.3.6.tgz#b2c6c618fccece4ef86c4fc6cb8a7cbf5aeda8d7"

"mime@>= 1.2.6", mime@^1.2.11:
  version "1.3.4"
  resolved "https://registry.yarnpkg.com/mime/-/mime-1.3.4.tgz#115f9e3b6b3daf2959983cb38f149a2d40eb5d53"

min-document@^2.19.0:
  version "2.19.0"
  resolved "https://registry.yarnpkg.com/min-document/-/min-document-2.19.0.tgz#7bd282e3f5842ed295bb748cdd9f1ffa2c824685"
  dependencies:
    dom-walk "^0.1.0"

minimist@^1.1.0, minimist@^1.2.0:
  version "1.2.0"
  resolved "https://registry.yarnpkg.com/minimist/-/minimist-1.2.0.tgz#a35008b20f41383eec1fb914f4cd5df79a264284"

morphdom@^2.2.0:
  version "2.3.1"
  resolved "https://registry.yarnpkg.com/morphdom/-/morphdom-2.3.1.tgz#94247c316360b92cee49e529815370763e27da90"

page@^1.7.1:
  version "1.7.1"
  resolved "https://registry.yarnpkg.com/page/-/page-1.7.1.tgz#3886c147b895487783759b37e800a11213bc38ed"
  dependencies:
    path-to-regexp "~1.2.1"

parse-headers@^2.0.0:
  version "2.0.1"
  resolved "https://registry.yarnpkg.com/parse-headers/-/parse-headers-2.0.1.tgz#6ae83a7aa25a9d9b700acc28698cd1f1ed7e9536"
  dependencies:
    for-each "^0.3.2"
    trim "0.0.1"

path-to-regexp@~1.2.1:
  version "1.2.1"
  resolved "https://registry.yarnpkg.com/path-to-regexp/-/path-to-regexp-1.2.1.tgz#b33705c140234d873c8721c7b9fd8b541ed3aff9"
  dependencies:
    isarray "0.0.1"

process@~0.5.1:
  version "0.5.2"
  resolved "https://registry.yarnpkg.com/process/-/process-0.5.2.tgz#1638d8a8e34c2f440a91db95ab9aeb677fc185cf"

ramda@^0.22.1:
  version "0.22.1"
  resolved "https://registry.yarnpkg.com/ramda/-/ramda-0.22.1.tgz#031da0c3df417c5b33c96234757eb37033f36a0e"

send-data@^8.0.0:
  version "8.0.0"
  resolved "https://registry.yarnpkg.com/send-data/-/send-data-8.0.0.tgz#8398ecc1fba49534757a8c17a48fa583caaaaeec"
  dependencies:
    json-stringify-safe "^5.0.0"
    xtend "^4.0.0"

server-summary@^6.0.1:
  version "6.1.0"
  resolved "https://registry.yarnpkg.com/server-summary/-/server-summary-6.1.0.tgz#0d27e0673ec644d3357d5209f2770d8d69ddb028"

string-template@~0.2.0:
  version "0.2.1"
  resolved "https://registry.yarnpkg.com/string-template/-/string-template-0.2.1.tgz#42932e598a352d01fc22ec3367d9d84eec6c9add"

trim@0.0.1:
  version "0.0.1"
  resolved "https://registry.yarnpkg.com/trim/-/trim-0.0.1.tgz#5858547f6b290757ee95cccc666fb50084c460dd"

url-join@^1.0.0:
  version "1.1.0"
  resolved "https://registry.yarnpkg.com/url-join/-/url-join-1.1.0.tgz#741c6c2f4596c4830d6718460920d0c92202dc78"

xhr@^2.2.2:
  version "2.3.3"
  resolved "https://registry.yarnpkg.com/xhr/-/xhr-2.3.3.tgz#ad6b810e0917ce72b5ec704f5d41f1503b8e7524"
  dependencies:
    global "~4.3.0"
    is-function "^1.0.1"
    parse-headers "^2.0.0"
    xtend "^4.0.0"

xtend@^4.0.0, xtend@~4.0.0:
  version "4.0.1"
  resolved "https://registry.yarnpkg.com/xtend/-/xtend-4.0.1.tgz#a5c6d532be656e23db820efb943a1f04998d63af"
